
Microsoft Visual Studio Solution File, Format Version 12.00
# Visual Studio Version 17
VisualStudioVersion = 17.6.33723.286
MinimumVisualStudioVersion = 10.0.40219.1
Project("{FAE04EC0-301F-11D3-BF4B-00C04F79EFBC}") = "ConsoleApp4", "ConsoleApp4\ConsoleApp4.csproj", "{B76195E0-B30D-4D1C-A46E-FD0C969CCBEC}"
EndProject
Project("{2150E333-8FDC-42A3-9474-1A3956D46DE8}") = "N1", "N1", "{A90113BD-A6FC-454D-BC86-348338978ACB}"
EndProject
Project("{2150E333-8FDC-42A3-9474-1A3956D46DE8}") = "N13", "N13", "{18810877-E677-4FA6-A3FE-AC74BE01728C}"
EndProject
Project("{FAE04EC0-301F-11D3-BF4B-00C04F79EFBC}") = "N13", "N13\N13.csproj", "{DEA333BD-6CA2-4E69-8D44-5828621D584C}"
EndProject
Project("{2150E333-8FDC-42A3-9474-1A3956D46DE8}") = "Tasks", "Tasks", "{A0ED5129-9A0C-48D8-BCCA-AED6252C84A8}"
EndProject
Project("{2150E333-8FDC-42A3-9474-1A3956D46DE8}") = "HomeTasks", "HomeTasks", "{FB405A5B-2381-4012-8D52-B18E8963D99B}"
EndProject
Project("{FAE04EC0-301F-11D3-BF4B-00C04F79EFBC}") = "N13-T1", "N13-T1\N13-T1.csproj", "{609F2322-1C8B-4BD9-9BDC-D968C2C4E8F1}"
EndProject
Project("{FAE04EC0-301F-11D3-BF4B-00C04F79EFBC}") = "N13-HT1", "N13-HT1\N13-HT1.csproj", "{C21472BC-EA57-44A1-914C-FC13697EBE6B}"
EndProject
Global
	GlobalSection(SolutionConfigurationPlatforms) = preSolution
		Debug|Any CPU = Debug|Any CPU
		Release|Any CPU = Release|Any CPU
	EndGlobalSection
	GlobalSection(ProjectConfigurationPlatforms) = postSolution
		{B76195E0-B30D-4D1C-A46E-FD0C969CCBEC}.Debug|Any CPU.ActiveCfg = Debug|Any CPU
		{B76195E0-B30D-4D1C-A46E-FD0C969CCBEC}.Debug|Any CPU.Build.0 = Debug|Any CPU
		{B76195E0-B30D-4D1C-A46E-FD0C969CCBEC}.Release|Any CPU.ActiveCfg = Release|Any CPU
		{B76195E0-B30D-4D1C-A46E-FD0C969CCBEC}.Release|Any CPU.Build.0 = Release|Any CPU
		{DEA333BD-6CA2-4E69-8D44-5828621D584C}.Debug|Any CPU.ActiveCfg = Debug|Any CPU
		{DEA333BD-6CA2-4E69-8D44-5828621D584C}.Debug|Any CPU.Build.0 = Debug|Any CPU
		{DEA333BD-6CA2-4E69-8D44-5828621D584C}.Release|Any CPU.ActiveCfg = Release|Any CPU
		{DEA333BD-6CA2-4E69-8D44-5828621D584C}.Release|Any CPU.Build.0 = Release|Any CPU
		{609F2322-1C8B-4BD9-9BDC-D968C2C4E8F1}.Debug|Any CPU.ActiveCfg = Debug|Any CPU
		{609F2322-1C8B-4BD9-9BDC-D968C2C4E8F1}.Debug|Any CPU.Build.0 = Debug|Any CPU
		{609F2322-1C8B-4BD9-9BDC-D968C2C4E8F1}.Release|Any CPU.ActiveCfg = Release|Any CPU
		{609F2322-1C8B-4BD9-9BDC-D968C2C4E8F1}.Release|Any CPU.Build.0 = Release|Any CPU
		{C21472BC-EA57-44A1-914C-FC13697EBE6B}.Debug|Any CPU.ActiveCfg = Debug|Any CPU
		{C21472BC-EA57-44A1-914C-FC13697EBE6B}.Debug|Any CPU.Build.0 = Debug|Any CPU
		{C21472BC-EA57-44A1-914C-FC13697EBE6B}.Release|Any CPU.ActiveCfg = Release|Any CPU
		{C21472BC-EA57-44A1-914C-FC13697EBE6B}.Release|Any CPU.Build.0 = Release|Any CPU
	EndGlobalSection
	GlobalSection(SolutionProperties) = preSolution
		HideSolutionNode = FALSE
	EndGlobalSection
	GlobalSection(NestedProjects) = preSolution
		{DEA333BD-6CA2-4E69-8D44-5828621D584C} = {18810877-E677-4FA6-A3FE-AC74BE01728C}
		{A0ED5129-9A0C-48D8-BCCA-AED6252C84A8} = {18810877-E677-4FA6-A3FE-AC74BE01728C}
		{FB405A5B-2381-4012-8D52-B18E8963D99B} = {18810877-E677-4FA6-A3FE-AC74BE01728C}
		{609F2322-1C8B-4BD9-9BDC-D968C2C4E8F1} = {A0ED5129-9A0C-48D8-BCCA-AED6252C84A8}
		{C21472BC-EA57-44A1-914C-FC13697EBE6B} = {FB405A5B-2381-4012-8D52-B18E8963D99B}
	EndGlobalSection
	GlobalSection(ExtensibilityGlobals) = postSolution
		SolutionGuid = {0ABD5F2A-6A4F-42C3-BEE3-EE6E1331435A}
	EndGlobalSection
EndGlobal
